# This file is autogenerated, do not edit; changes may be undone by the next 'dep ensure'.


[[projects]]
  digest = "1:da5c468e0a7858053be82e2df5f40626c0f6b9ed60fafb1ac15d71c2c3101ad0"
  name = "github.com/drone/drone-go"
  packages = ["plugin"]
  pruneopts = "UT"
  revision = "eaa41f7836a191224ec5702d2458db07882ec269"

[solve-meta]
  analyzer-name = "dep"
  analyzer-version = 1
  input-imports = ["github.com/drone/drone-go/plugin"]
  solver-name = "gps-cdcl"
  solver-version = 1
