# This file is autogenerated, do not edit; changes may be undone by the next 'dep ensure'.


[[projects]]
  branch = "master"
  name = "github.com/drone/drone-plugin-go"
  packages = ["plugin"]
  revision = "d6109f644c5935c22620081b4c234bb2263743c7"

[solve-meta]
  analyzer-name = "dep"
  analyzer-version = 1
  inputs-digest = "39f338ee6d26fc65a83fb9970c405acdd19e323ce2d045815659a0d688abc385"
  solver-name = "gps-cdcl"
  solver-version = 1
